
Microsoft Visual Studio Solution File, Format Version 12.00
# Visual Studio Version 16
VisualStudioVersion = 16.0.28729.10
MinimumVisualStudioVersion = 10.0.40219.1
Project("{FAE04EC0-301F-11D3-BF4B-00C04F79EFBC}") = "PMS", "PMS\PMS.csproj", "{224C7D0F-E765-4B06-9E7F-8220AC32AB96}"
EndProject
Global
	GlobalSection(SolutionConfigurationPlatforms) = preSolution
		Debug|Any CPU = Debug|Any CPU
		Debug|x86 = Debug|x86
		Release|Any CPU = Release|Any CPU
		Release|x86 = Release|x86
	EndGlobalSection
	GlobalSection(ProjectConfigurationPlatforms) = postSolution
		{224C7D0F-E765-4B06-9E7F-8220AC32AB96}.Debug|Any CPU.ActiveCfg = Debug|x86
		{224C7D0F-E765-4B06-9E7F-8220AC32AB96}.Debug|Any CPU.Build.0 = Debug|x86
		{224C7D0F-E765-4B06-9E7F-8220AC32AB96}.Debug|x86.ActiveCfg = Debug|x86
		{224C7D0F-E765-4B06-9E7F-8220AC32AB96}.Debug|x86.Build.0 = Debug|x86
		{224C7D0F-E765-4B06-9E7F-8220AC32AB96}.Release|Any CPU.ActiveCfg = Release|x86
		{224C7D0F-E765-4B06-9E7F-8220AC32AB96}.Release|Any CPU.Build.0 = Release|x86
		{224C7D0F-E765-4B06-9E7F-8220AC32AB96}.Release|x86.ActiveCfg = Release|x86
		{224C7D0F-E765-4B06-9E7F-8220AC32AB96}.Release|x86.Build.0 = Release|x86
	EndGlobalSection
	GlobalSection(SolutionProperties) = preSolution
		HideSolutionNode = FALSE
	EndGlobalSection
	GlobalSection(ExtensibilityGlobals) = postSolution
		SolutionGuid = {91775176-EE20-4AE8-9A61-1F5A84DC4CAF}
	EndGlobalSection
EndGlobal
